// !$*UTF8*$!
{
	archiveVersion = 1;
	classes = {
	};
	objectVersion = 46;
	objects = {

/* Begin PBXBuildFile section */
		F01A715B196E839C00AA0B8A /* AppDelegate.swift in Sources */ = {isa = PBXBuildFile; fileRef = F01A715A196E839C00AA0B8A /* AppDelegate.swift */; };
		F01A715D196E839C00AA0B8A /* ViewController.swift in Sources */ = {isa = PBXBuildFile; fileRef = F01A715C196E839C00AA0B8A /* ViewController.swift */; };
		F01A7160196E839C00AA0B8A /* Main.storyboard in Resources */ = {isa = PBXBuildFile; fileRef = F01A715E196E839C00AA0B8A /* Main.storyboard */; };
		F01A7162196E839C00AA0B8A /* Images.xcassets in Resources */ = {isa = PBXBuildFile; fileRef = F01A7161196E839C00AA0B8A /* Images.xcassets */; };
		F01A716E196E839C00AA0B8A /* Test3Tests.swift in Sources */ = {isa = PBXBuildFile; fileRef = F01A716D196E839C00AA0B8A /* Test3Tests.swift */; };
/* End PBXBuildFile section */

/* Begin PBXContainerItemProxy section */
		F01A7168196E839C00AA0B8A /* PBXContainerItemProxy */ = {
			isa = PBXContainerItemProxy;
			containerPortal = F01A714D196E839C00AA0B8A /* Project object */;
			proxyType = 1;
			remoteGlobalIDString = F01A7154196E839C00AA0B8A;
			remoteInfo = Test3;
		};
/* End PBXContainerItemProxy section */

/* Begin PBXFileReference section */
		F01A7155196E839C00AA0B8A /* Test3.app */ = {isa = PBXFileReference; explicitFileType = wrapper.application; includeInIndex = 0; path = Test3.app; sourceTree = BUILT_PRODUCTS_DIR; };
		F01A7159196E839C00AA0B8A /* Info.plist */ = {isa = PBXFileReference; lastKnownFileType = text.plist.xml; path = Info.plist; sourceTree = "<group>"; };
		F01A715A196E839C00AA0B8A /* AppDelegate.swift */ = {isa = PBXFileReference; lastKnownFileType = sourcecode.swift; path = AppDelegate.swift; sourceTree = "<group>"; };
		F01A715C196E839C00AA0B8A /* ViewController.swift */ = {isa = PBXFileReference; lastKnownFileType = sourcecode.swift; path = ViewController.swift; sourceTree = "<group>"; };
		F01A715F196E839C00AA0B8A /* Base */ = {isa = PBXFileReference; lastKnownFileType = file.storyboard; name = Base; path = Base.lproj/Main.storyboard; sourceTree = "<group>"; };
		F01A7161196E839C00AA0B8A /* Images.xcassets */ = {isa = PBXFileReference; lastKnownFileType = folder.assetcatalog; path = Images.xcassets; sourceTree = "<group>"; };
		F01A7167196E839C00AA0B8A /* Test3Tests.xctest */ = {isa = PBXFileReference; explicitFileType = wrapper.cfbundle; includeInIndex = 0; path = Test3Tests.xctest; sourceTree = BUILT_PRODUCTS_DIR; };
		F01A716C196E839C00AA0B8A /* Info.plist */ = {isa = PBXFileReference; lastKnownFileType = text.plist.xml; path = Info.plist; sourceTree = "<group>"; };
		F01A716D196E839C00AA0B8A /* Test3Tests.swift */ = {isa = PBXFileReference; lastKnownFileType = sourcecode.swift; path = Test3Tests.swift; sourceTree = "<group>"; };
/* End PBXFileReference section */

/* Begin PBXFrameworksBuildPhase section */
		F01A7152196E839C00AA0B8A /* Frameworks */ = {
			isa = PBXFrameworksBuildPhase;
			buildActionMask = 2147483647;
			files = (
			);
			runOnlyForDeploymentPostprocessing = 0;
		};
		F01A7164196E839C00AA0B8A /* Frameworks */ = {
			isa = PBXFrameworksBuildPhase;
			buildActionMask = 2147483647;
			files = (
			);
			runOnlyForDeploymentPostprocessing = 0;
		};
/* End PBXFrameworksBuildPhase section */

/* Begin PBXGroup section */
		F01A714C196E839C00AA0B8A = {
			isa = PBXGroup;
			children = (
				F01A7157196E839C00AA0B8A /* Test3 */,
				F01A716A196E839C00AA0B8A /* Test3Tests */,
				F01A7156196E839C00AA0B8A /* Products */,
			);
			sourceTree = "<group>";
		};
		F01A7156196E839C00AA0B8A /* Products */ = {
			isa = PBXGroup;
			children = (
				F01A7155196E839C00AA0B8A /* Test3.app */,
				F01A7167196E839C00AA0B8A /* Test3Tests.xctest */,
			);
			name = Products;
			sourceTree = "<group>";
		};
		F01A7157196E839C00AA0B8A /* Test3 */ = {
			isa = PBXGroup;
			children = (
				F01A715A196E839C00AA0B8A /* AppDelegate.swift */,
				F01A715C196E839C00AA0B8A /* ViewController.swift */,
				F01A715E196E839C00AA0B8A /* Main.storyboard */,
				F01A7161196E839C00AA0B8A /* Images.xcassets */,
				F01A7158196E839C00AA0B8A /* Supporting Files */,
			);
			path = Test3;
			sourceTree = "<group>";
		};
		F01A7158196E839C00AA0B8A /* Supporting Files */ = {
			isa = PBXGroup;
			children = (
				F01A7159196E839C00AA0B8A /* Info.plist */,
			);
			name = "Supporting Files";
			sourceTree = "<group>";
		};
		F01A716A196E839C00AA0B8A /* Test3Tests */ = {
			isa = PBXGroup;
			children = (
				F01A716D196E839C00AA0B8A /* Test3Tests.swift */,
				F01A716B196E839C00AA0B8A /* Supporting Files */,
			);
			path = Test3Tests;
			sourceTree = "<group>";
		};
		F01A716B196E839C00AA0B8A /* Supporting Files */ = {
			isa = PBXGroup;
			children = (
				F01A716C196E839C00AA0B8A /* Info.plist */,
			);
			name = "Supporting Files";
			sourceTree = "<group>";
		};
/* End PBXGroup section */

/* Begin PBXNativeTarget section */
		F01A7154196E839C00AA0B8A /* Test3 */ = {
			isa = PBXNativeTarget;
			buildConfigurationList = F01A7171196E839C00AA0B8A /* Build configuration list for PBXNativeTarget "Test3" */;
			buildPhases = (
				F01A7151196E839C00AA0B8A /* Sources */,
				F01A7152196E839C00AA0B8A /* Frameworks */,
				F01A7153196E839C00AA0B8A /* Resources */,
			);
			buildRules = (
			);
			dependencies = (
			);
			name = Test3;
			productName = Test3;
			productReference = F01A7155196E839C00AA0B8A /* Test3.app */;
			productType = "com.apple.product-type.application";
		};
		F01A7166196E839C00AA0B8A /* Test3Tests */ = {
			isa = PBXNativeTarget;
			buildConfigurationList = F01A7174196E839C00AA0B8A /* Build configuration list for PBXNativeTarget "Test3Tests" */;
			buildPhases = (
				F01A7163196E839C00AA0B8A /* Sources */,
				F01A7164196E839C00AA0B8A /* Frameworks */,
				F01A7165196E839C00AA0B8A /* Resources */,
			);
			buildRules = (
			);
			dependencies = (
				F01A7169196E839C00AA0B8A /* PBXTargetDependency */,
			);
			name = Test3Tests;
			productName = Test3Tests;
			productReference = F01A7167196E839C00AA0B8A /* Test3Tests.xctest */;
			productType = "com.apple.product-type.bundle.unit-test";
		};
/* End PBXNativeTarget section */

/* Begin PBXProject section */
		F01A714D196E839C00AA0B8A /* Project object */ = {
			isa = PBXProject;
			attributes = {
				LastUpgradeCheck = 0600;
				ORGANIZATIONNAME = "Philipp Süess";
				TargetAttributes = {
					F01A7154196E839C00AA0B8A = {
						CreatedOnToolsVersion = 6.0;
					};
					F01A7166196E839C00AA0B8A = {
						CreatedOnToolsVersion = 6.0;
						TestTargetID = F01A7154196E839C00AA0B8A;
					};
				};
			};
			buildConfigurationList = F01A7150196E839C00AA0B8A /* Build configuration list for PBXProject "Test3" */;
			compatibilityVersion = "Xcode 3.2";
			developmentRegion = English;
			hasScannedForEncodings = 0;
			knownRegions = (
				en,
				Base,
			);
			mainGroup = F01A714C196E839C00AA0B8A;
			productRefGroup = F01A7156196E839C00AA0B8A /* Products */;
			projectDirPath = "";
			projectRoot = "";
			targets = (
				F01A7154196E839C00AA0B8A /* Test3 */,
				F01A7166196E839C00AA0B8A /* Test3Tests */,
			);
		};
/* End PBXProject section */

/* Begin PBXResourcesBuildPhase section */
		F01A7153196E839C00AA0B8A /* Resources */ = {
			isa = PBXResourcesBuildPhase;
			buildActionMask = 2147483647;
			files = (
				F01A7160196E839C00AA0B8A /* Main.storyboard in Resources */,
				F01A7162196E839C00AA0B8A /* Images.xcassets in Resources */,
			);
			runOnlyForDeploymentPostprocessing = 0;
		};
		F01A7165196E839C00AA0B8A /* Resources */ = {
			isa = PBXResourcesBuildPhase;
			buildActionMask = 2147483647;
			files = (
			);
			runOnlyForDeploymentPostprocessing = 0;
		};
/* End PBXResourcesBuildPhase section */

/* Begin PBXSourcesBuildPhase section */
		F01A7151196E839C00AA0B8A /* Sources */ = {
			isa = PBXSourcesBuildPhase;
			buildActionMask = 2147483647;
			files = (
				F01A715D196E839C00AA0B8A /* ViewController.swift in Sources */,
				F01A715B196E839C00AA0B8A /* AppDelegate.swift in Sources */,
			);
			runOnlyForDeploymentPostprocessing = 0;
		};
		F01A7163196E839C00AA0B8A /* Sources */ = {
			isa = PBXSourcesBuildPhase;
			buildActionMask = 2147483647;
			files = (
				F01A716E196E839C00AA0B8A /* Test3Tests.swift in Sources */,
			);
			runOnlyForDeploymentPostprocessing = 0;
		};
/* End PBXSourcesBuildPhase section */

/* Begin PBXTargetDependency section */
		F01A7169196E839C00AA0B8A /* PBXTargetDependency */ = {
			isa = PBXTargetDependency;
			target = F01A7154196E839C00AA0B8A /* Test3 */;
			targetProxy = F01A7168196E839C00AA0B8A /* PBXContainerItemProxy */;
		};
/* End PBXTargetDependency section */

/* Begin PBXVariantGroup section */
		F01A715E196E839C00AA0B8A /* Main.storyboard */ = {
			isa = PBXVariantGroup;
			children = (
				F01A715F196E839C00AA0B8A /* Base */,
			);
			name = Main.storyboard;
			sourceTree = "<group>";
		};
/* End PBXVariantGroup section */

/* Begin XCBuildConfiguration section */
		F01A716F196E839C00AA0B8A /* Debug */ = {
			isa = XCBuildConfiguration;
			buildSettings = {
				ALWAYS_SEARCH_USER_PATHS = NO;
				CLANG_CXX_LANGUAGE_STANDARD = "gnu++0x";
				CLANG_CXX_LIBRARY = "libc++";
				CLANG_ENABLE_MODULES = YES;
				CLANG_ENABLE_OBJC_ARC = YES;
				CLANG_WARN_BOOL_CONVERSION = YES;
				CLANG_WARN_CONSTANT_CONVERSION = YES;
				CLANG_WARN_DIRECT_OBJC_ISA_USAGE = YES_ERROR;
				CLANG_WARN_EMPTY_BODY = YES;
				CLANG_WARN_ENUM_CONVERSION = YES;
				CLANG_WARN_INT_CONVERSION = YES;
				CLANG_WARN_OBJC_ROOT_CLASS = YES_ERROR;
				CLANG_WARN_UNREACHABLE_CODE = YES;
				CLANG_WARN__DUPLICATE_METHOD_MATCH = YES;
				"CODE_SIGN_IDENTITY[sdk=iphoneos*]" = "iPhone Developer";
				COPY_PHASE_STRIP = NO;
				ENABLE_STRICT_OBJC_MSGSEND = YES;
				GCC_C_LANGUAGE_STANDARD = gnu99;
				GCC_DYNAMIC_NO_PIC = NO;
				GCC_OPTIMIZATION_LEVEL = 0;
				GCC_PREPROCESSOR_DEFINITIONS = (
					"DEBUG=1",
					"$(inherited)",
				);
				GCC_SYMBOLS_PRIVATE_EXTERN = NO;
				GCC_WARN_64_TO_32_BIT_CONVERSION = YES;
				GCC_WARN_ABOUT_RETURN_TYPE = YES_ERROR;
				GCC_WARN_UNDECLARED_SELECTOR = YES;
				GCC_WARN_UNINITIALIZED_AUTOS = YES_AGGRESSIVE;
				GCC_WARN_UNUSED_FUNCTION = YES;
				GCC_WARN_UNUSED_VARIABLE = YES;
				IPHONEOS_DEPLOYMENT_TARGET = 8.0;
				METAL_ENABLE_DEBUG_INFO = YES;
				ONLY_ACTIVE_ARCH = YES;
				SDKROOT = iphoneos;
				SWIFT_OPTIMIZATION_LEVEL = "-Onone";
			};
			name = Debug;
		};
		F01A7170196E839C00AA0B8A /* Release */ = {
			isa = XCBuildConfiguration;
			buildSettings = {
				ALWAYS_SEARCH_USER_PATHS = NO;
				CLANG_CXX_LANGUAGE_STANDARD = "gnu++0x";
				CLANG_CXX_LIBRARY = "libc++";
				CLANG_ENABLE_MODULES = YES;
				CLANG_ENABLE_OBJC_ARC = YES;
				CLANG_WARN_BOOL_CONVERSION = YES;
				CLANG_WARN_CONSTANT_CONVERSION = YES;
				CLANG_WARN_DIRECT_OBJC_ISA_USAGE = YES_ERROR;
				CLANG_WARN_EMPTY_BODY = YES;
				CLANG_WARN_ENUM_CONVERSION = YES;
				CLANG_WARN_INT_CONVERSION = YES;
				CLANG_WARN_OBJC_ROOT_CLASS = YES_ERROR;
				CLANG_WARN_UNREACHABLE_CODE = YES;
				CLANG_WARN__DUPLICATE_METHOD_MATCH = YES;
				"CODE_SIGN_IDENTITY[sdk=iphoneos*]" = "iPhone Developer";
				COPY_PHASE_STRIP = YES;
				ENABLE_NS_ASSERTIONS = NO;
				ENABLE_STRICT_OBJC_MSGSEND = YES;
				GCC_C_LANGUAGE_STANDARD = gnu99;
				GCC_WARN_64_TO_32_BIT_CONVERSION = YES;
				GCC_WARN_ABOUT_RETURN_TYPE = YES_ERROR;
				GCC_WARN_UNDECLARED_SELECTOR = YES;
				GCC_WARN_UNINITIALIZED_AUTOS = YES_AGGRESSIVE;
				GCC_WARN_UNUSED_FUNCTION = YES;
				GCC_WARN_UNUSED_VARIABLE = YES;
				IPHONEOS_DEPLOYMENT_TARGET = 8.0;
				METAL_ENABLE_DEBUG_INFO = NO;
				SDKROOT = iphoneos;
				VALIDATE_PRODUCT = YES;
			};
			name = Release;
		};
		F01A7172196E839C00AA0B8A /* Debug */ = {
			isa = XCBuildConfiguration;
			buildSettings = {
				ASSETCATALOG_COMPILER_APPICON_NAME = AppIcon;
				ASSETCATALOG_COMPILER_LAUNCHIMAGE_NAME = LaunchImage;
				INFOPLIST_FILE = Test3/Info.plist;
				LD_RUNPATH_SEARCH_PATHS = "$(inherited) @executable_path/Frameworks";
				PRODUCT_NAME = "$(TARGET_NAME)";
			};
			name = Debug;
		};
		F01A7173196E839C00AA0B8A /* Release */ = {
			isa = XCBuildConfiguration;
			buildSettings = {
				ASSETCATALOG_COMPILER_APPICON_NAME = AppIcon;
				ASSETCATALOG_COMPILER_LAUNCHIMAGE_NAME = LaunchImage;
				INFOPLIST_FILE = Test3/Info.plist;
				LD_RUNPATH_SEARCH_PATHS = "$(inherited) @executable_path/Frameworks";
				PRODUCT_NAME = "$(TARGET_NAME)";
			};
			name = Release;
		};
		F01A7175196E839C00AA0B8A /* Debug */ = {
			isa = XCBuildConfiguration;
			buildSettings = {
				BUNDLE_LOADER = "$(BUILT_PRODUCTS_DIR)/Test3.app/Test3";
				FRAMEWORK_SEARCH_PATHS = (
					"$(SDKROOT)/Developer/Library/Frameworks",
					"$(inherited)",
				);
				GCC_PREPROCESSOR_DEFINITIONS = (
					"DEBUG=1",
					"$(inherited)",
				);
				INFOPLIST_FILE = Test3Tests/Info.plist;
				LD_RUNPATH_SEARCH_PATHS = "$(inherited) @executable_path/Frameworks @loader_path/Frameworks";
				METAL_ENABLE_DEBUG_INFO = YES;
				PRODUCT_NAME = "$(TARGET_NAME)";
				TEST_HOST = "$(BUNDLE_LOADER)";
			};
			name = Debug;
		};
		F01A7176196E839C00AA0B8A /* Release */ = {
			isa = XCBuildConfiguration;
			buildSettings = {
				BUNDLE_LOADER = "$(BUILT_PRODUCTS_DIR)/Test3.app/Test3";
				FRAMEWORK_SEARCH_PATHS = (
					"$(SDKROOT)/Developer/Library/Frameworks",
					"$(inherited)",
				);
				INFOPLIST_FILE = Test3Tests/Info.plist;
				LD_RUNPATH_SEARCH_PATHS = "$(inherited) @executable_path/Frameworks @loader_path/Frameworks";
				METAL_ENABLE_DEBUG_INFO = NO;
				PRODUCT_NAME = "$(TARGET_NAME)";
				TEST_HOST = "$(BUNDLE_LOADER)";
			};
			name = Release;
		};
/* End XCBuildConfiguration section */

/* Begin XCConfigurationList section */
		F01A7150196E839C00AA0B8A /* Build configuration list for PBXProject "Test3" */ = {
			isa = XCConfigurationList;
			buildConfigurations = (
				F01A716F196E839C00AA0B8A /* Debug */,
				F01A7170196E839C00AA0B8A /* Release */,
			);
			defaultConfigurationIsVisible = 0;
			defaultConfigurationName = Release;
		};
		F01A7171196E839C00AA0B8A /* Build configuration list for PBXNativeTarget "Test3" */ = {
			isa = XCConfigurationList;
			buildConfigurations = (
				F01A7172196E839C00AA0B8A /* Debug */,
				F01A7173196E839C00AA0B8A /* Release */,
			);
			defaultConfigurationIsVisible = 0;
		};
		F01A7174196E839C00AA0B8A /* Build configuration list for PBXNativeTarget "Test3Tests" */ = {
			isa = XCConfigurationList;
			buildConfigurations = (
				F01A7175196E839C00AA0B8A /* Debug */,
				F01A7176196E839C00AA0B8A /* Release */,
			);
			defaultConfigurationIsVisible = 0;
		};
/* End XCConfigurationList section */
	};
	rootObject = F01A714D196E839C00AA0B8A /* Project object */;
}
